
Microsoft Visual Studio Solution File, Format Version 12.00
# Visual Studio 15
VisualStudioVersion = 15.0.26730.16
MinimumVisualStudioVersion = 10.0.40219.1
Project("{FAE04EC0-301F-11D3-BF4B-00C04F79EFBC}") = "SmallestBoundary.StochasticHillClimbing", "Halal\SmallestBoundary.StochasticHillClimbing.csproj", "{4F13F844-323B-45FF-9BD3-B38E5840434C}"
EndProject
Project("{FAE04EC0-301F-11D3-BF4B-00C04F79EFBC}") = "TravelingSalesMan.GeneticAlgorithm", "TravelingSalesMan.GeneticAlgorithm\TravelingSalesMan.GeneticAlgorithm.csproj", "{DF63485B-D37E-4F16-8D95-E603CA284762}"
EndProject
Project("{FAE04EC0-301F-11D3-BF4B-00C04F79EFBC}") = "TravelingSalesMan.SimulatedAnnealing", "TravelingSalesMan.SimulatedAnnealing\TravelingSalesMan.SimulatedAnnealing.csproj", "{F4673E5E-15D4-46AA-BE16-D10E15360A19}"
EndProject
Global
	GlobalSection(SolutionConfigurationPlatforms) = preSolution
		Debug|Any CPU = Debug|Any CPU
		Release|Any CPU = Release|Any CPU
	EndGlobalSection
	GlobalSection(ProjectConfigurationPlatforms) = postSolution
		{4F13F844-323B-45FF-9BD3-B38E5840434C}.Debug|Any CPU.ActiveCfg = Debug|Any CPU
		{4F13F844-323B-45FF-9BD3-B38E5840434C}.Debug|Any CPU.Build.0 = Debug|Any CPU
		{4F13F844-323B-45FF-9BD3-B38E5840434C}.Release|Any CPU.ActiveCfg = Release|Any CPU
		{4F13F844-323B-45FF-9BD3-B38E5840434C}.Release|Any CPU.Build.0 = Release|Any CPU
		{DF63485B-D37E-4F16-8D95-E603CA284762}.Debug|Any CPU.ActiveCfg = Debug|Any CPU
		{DF63485B-D37E-4F16-8D95-E603CA284762}.Debug|Any CPU.Build.0 = Debug|Any CPU
		{DF63485B-D37E-4F16-8D95-E603CA284762}.Release|Any CPU.ActiveCfg = Release|Any CPU
		{DF63485B-D37E-4F16-8D95-E603CA284762}.Release|Any CPU.Build.0 = Release|Any CPU
		{F4673E5E-15D4-46AA-BE16-D10E15360A19}.Debug|Any CPU.ActiveCfg = Debug|Any CPU
		{F4673E5E-15D4-46AA-BE16-D10E15360A19}.Debug|Any CPU.Build.0 = Debug|Any CPU
		{F4673E5E-15D4-46AA-BE16-D10E15360A19}.Release|Any CPU.ActiveCfg = Release|Any CPU
		{F4673E5E-15D4-46AA-BE16-D10E15360A19}.Release|Any CPU.Build.0 = Release|Any CPU
	EndGlobalSection
	GlobalSection(SolutionProperties) = preSolution
		HideSolutionNode = FALSE
	EndGlobalSection
	GlobalSection(ExtensibilityGlobals) = postSolution
		SolutionGuid = {462BD8E4-CD50-4062-8370-7BDB0F07FEF6}
	EndGlobalSection
EndGlobal
